
Microsoft Visual Studio Solution File, Format Version 12.00
# Visual Studio Version 17
VisualStudioVersion = 17.3.32929.385
MinimumVisualStudioVersion = 10.0.40219.1
Project("{FAE04EC0-301F-11D3-BF4B-00C04F79EFBC}") = "TimmerApp", "TimmerApp.csproj", "{D1E2DB62-4AB0-4164-B369-BA33068EFA0A}"
EndProject
Global
	GlobalSection(SolutionConfigurationPlatforms) = preSolution
		Debug|Any CPU = Debug|Any CPU
		Release|Any CPU = Release|Any CPU
	EndGlobalSection
	GlobalSection(ProjectConfigurationPlatforms) = postSolution
		{D1E2DB62-4AB0-4164-B369-BA33068EFA0A}.Debug|Any CPU.ActiveCfg = Debug|Any CPU
		{D1E2DB62-4AB0-4164-B369-BA33068EFA0A}.Debug|Any CPU.Build.0 = Debug|Any CPU
		{D1E2DB62-4AB0-4164-B369-BA33068EFA0A}.Release|Any CPU.ActiveCfg = Release|Any CPU
		{D1E2DB62-4AB0-4164-B369-BA33068EFA0A}.Release|Any CPU.Build.0 = Release|Any CPU
	EndGlobalSection
	GlobalSection(SolutionProperties) = preSolution
		HideSolutionNode = FALSE
	EndGlobalSection
	GlobalSection(ExtensibilityGlobals) = postSolution
		SolutionGuid = {1B9084C7-7258-457C-8063-4A777AAF4CC9}
	EndGlobalSection
EndGlobal
